
Microsoft Visual Studio Solution File, Format Version 12.00
# Visual Studio Version 17
VisualStudioVersion = 17.10.35201.131
MinimumVisualStudioVersion = 10.0.40219.1
Project("{FAE04EC0-301F-11D3-BF4B-00C04F79EFBC}") = "PortalDeCapacitaciones", "PortalDeCapacitaciones\PortalDeCapacitaciones.csproj", "{80030134-1762-42D2-AEDA-6EF42753ACF0}"
EndProject
Global
	GlobalSection(SolutionConfigurationPlatforms) = preSolution
		Debug|Any CPU = Debug|Any CPU
		Release|Any CPU = Release|Any CPU
	EndGlobalSection
	GlobalSection(ProjectConfigurationPlatforms) = postSolution
		{80030134-1762-42D2-AEDA-6EF42753ACF0}.Debug|Any CPU.ActiveCfg = Debug|Any CPU
		{80030134-1762-42D2-AEDA-6EF42753ACF0}.Debug|Any CPU.Build.0 = Debug|Any CPU
		{80030134-1762-42D2-AEDA-6EF42753ACF0}.Release|Any CPU.ActiveCfg = Release|Any CPU
		{80030134-1762-42D2-AEDA-6EF42753ACF0}.Release|Any CPU.Build.0 = Release|Any CPU
	EndGlobalSection
	GlobalSection(SolutionProperties) = preSolution
		HideSolutionNode = FALSE
	EndGlobalSection
	GlobalSection(ExtensibilityGlobals) = postSolution
		SolutionGuid = {AB7B7E56-F982-47C5-95FF-DC9859E8D93C}
	EndGlobalSection
EndGlobal
